
Microsoft Visual Studio Solution File, Format Version 12.00
# Visual Studio Version 17
VisualStudioVersion = 17.4.33205.214
MinimumVisualStudioVersion = 10.0.40219.1
Project("{9A19103F-16F7-4668-BE54-9A1E7A4F7556}") = "GarageGenius.Api", "Api\GarageGenius.Api\GarageGenius.Api.csproj", "{CCB49FB0-8AE3-46A7-A327-CE75157989DE}"
EndProject
Project("{54A90642-561A-4BB1-A94E-469ADEE60C69}") = "GarageGenius.WebUI", "WebUI\GarageGenius.WebUI\GarageGenius.WebUI.esproj", "{7A2D68B9-A1E3-4C6E-95A4-A234E8F4B5E6}"
EndProject
Project("{2150E333-8FDC-42A3-9474-1A3956D46DE8}") = "WebUI", "WebUI", "{B22B888F-CB88-4F46-99EB-61E1715478A4}"
EndProject
Project("{2150E333-8FDC-42A3-9474-1A3956D46DE8}") = "Api", "Api", "{A67D1DBA-8494-4DFE-BF48-FD9526DE1B92}"
EndProject
Project("{2150E333-8FDC-42A3-9474-1A3956D46DE8}") = "Shared", "Shared", "{0B497FBF-235F-43E5-81A8-F1100AB0AAA5}"
EndProject
Project("{2150E333-8FDC-42A3-9474-1A3956D46DE8}") = "Modules", "Modules", "{516CBDC4-9D3D-484D-B502-DFDD8D6E262A}"
EndProject
Project("{9A19103F-16F7-4668-BE54-9A1E7A4F7556}") = "GarageGenius.Modules.Users.Core", "Modules\Users\GarageGenius.Modules.Users.Core\GarageGenius.Modules.Users.Core.csproj", "{C634E0E7-FD8B-4438-B523-9EA2D9352960}"
EndProject
Project("{9A19103F-16F7-4668-BE54-9A1E7A4F7556}") = "GarageGenius.Modules.Users.Api", "Modules\Users\GarageGenius.Modules.Users.Api\GarageGenius.Modules.Users.Api.csproj", "{CD38A3DC-AE1D-440F-A1DF-3F56F2C112B2}"
EndProject
Project("{2150E333-8FDC-42A3-9474-1A3956D46DE8}") = "Users", "Users", "{0F3A7E4B-4DAF-4201-9721-8651EA358315}"
EndProject
Project("{FAE04EC0-301F-11D3-BF4B-00C04F79EFBC}") = "GarageGenius.Shared.Abstractions", "Shared\GarageGenius.Shared.Abstractions\GarageGenius.Shared.Abstractions.csproj", "{1993174B-6F87-4410-A456-80938AF7249C}"
EndProject
Project("{FAE04EC0-301F-11D3-BF4B-00C04F79EFBC}") = "GarageGenius.Shared.Infrastructure", "Shared\GarageGenius.Shared.Infrastructure\GarageGenius.Shared.Infrastructure.csproj", "{9FE93002-3883-4EFF-899D-1BE490AC9F10}"
EndProject
Global
	GlobalSection(SolutionConfigurationPlatforms) = preSolution
		Debug|Any CPU = Debug|Any CPU
		Release|Any CPU = Release|Any CPU
	EndGlobalSection
	GlobalSection(ProjectConfigurationPlatforms) = postSolution
		{CCB49FB0-8AE3-46A7-A327-CE75157989DE}.Debug|Any CPU.ActiveCfg = Debug|Any CPU
		{CCB49FB0-8AE3-46A7-A327-CE75157989DE}.Debug|Any CPU.Build.0 = Debug|Any CPU
		{CCB49FB0-8AE3-46A7-A327-CE75157989DE}.Release|Any CPU.ActiveCfg = Release|Any CPU
		{CCB49FB0-8AE3-46A7-A327-CE75157989DE}.Release|Any CPU.Build.0 = Release|Any CPU
		{7A2D68B9-A1E3-4C6E-95A4-A234E8F4B5E6}.Debug|Any CPU.ActiveCfg = Debug|Any CPU
		{7A2D68B9-A1E3-4C6E-95A4-A234E8F4B5E6}.Debug|Any CPU.Build.0 = Debug|Any CPU
		{7A2D68B9-A1E3-4C6E-95A4-A234E8F4B5E6}.Debug|Any CPU.Deploy.0 = Debug|Any CPU
		{7A2D68B9-A1E3-4C6E-95A4-A234E8F4B5E6}.Release|Any CPU.ActiveCfg = Release|Any CPU
		{7A2D68B9-A1E3-4C6E-95A4-A234E8F4B5E6}.Release|Any CPU.Build.0 = Release|Any CPU
		{7A2D68B9-A1E3-4C6E-95A4-A234E8F4B5E6}.Release|Any CPU.Deploy.0 = Release|Any CPU
		{C634E0E7-FD8B-4438-B523-9EA2D9352960}.Debug|Any CPU.ActiveCfg = Debug|Any CPU
		{C634E0E7-FD8B-4438-B523-9EA2D9352960}.Debug|Any CPU.Build.0 = Debug|Any CPU
		{C634E0E7-FD8B-4438-B523-9EA2D9352960}.Release|Any CPU.ActiveCfg = Release|Any CPU
		{C634E0E7-FD8B-4438-B523-9EA2D9352960}.Release|Any CPU.Build.0 = Release|Any CPU
		{CD38A3DC-AE1D-440F-A1DF-3F56F2C112B2}.Debug|Any CPU.ActiveCfg = Debug|Any CPU
		{CD38A3DC-AE1D-440F-A1DF-3F56F2C112B2}.Debug|Any CPU.Build.0 = Debug|Any CPU
		{CD38A3DC-AE1D-440F-A1DF-3F56F2C112B2}.Release|Any CPU.ActiveCfg = Release|Any CPU
		{CD38A3DC-AE1D-440F-A1DF-3F56F2C112B2}.Release|Any CPU.Build.0 = Release|Any CPU
		{1993174B-6F87-4410-A456-80938AF7249C}.Debug|Any CPU.ActiveCfg = Debug|Any CPU
		{1993174B-6F87-4410-A456-80938AF7249C}.Debug|Any CPU.Build.0 = Debug|Any CPU
		{1993174B-6F87-4410-A456-80938AF7249C}.Release|Any CPU.ActiveCfg = Release|Any CPU
		{1993174B-6F87-4410-A456-80938AF7249C}.Release|Any CPU.Build.0 = Release|Any CPU
		{9FE93002-3883-4EFF-899D-1BE490AC9F10}.Debug|Any CPU.ActiveCfg = Debug|Any CPU
		{9FE93002-3883-4EFF-899D-1BE490AC9F10}.Debug|Any CPU.Build.0 = Debug|Any CPU
		{9FE93002-3883-4EFF-899D-1BE490AC9F10}.Release|Any CPU.ActiveCfg = Release|Any CPU
		{9FE93002-3883-4EFF-899D-1BE490AC9F10}.Release|Any CPU.Build.0 = Release|Any CPU
	EndGlobalSection
	GlobalSection(SolutionProperties) = preSolution
		HideSolutionNode = FALSE
	EndGlobalSection
	GlobalSection(NestedProjects) = preSolution
		{CCB49FB0-8AE3-46A7-A327-CE75157989DE} = {A67D1DBA-8494-4DFE-BF48-FD9526DE1B92}
		{7A2D68B9-A1E3-4C6E-95A4-A234E8F4B5E6} = {B22B888F-CB88-4F46-99EB-61E1715478A4}
		{C634E0E7-FD8B-4438-B523-9EA2D9352960} = {0F3A7E4B-4DAF-4201-9721-8651EA358315}
		{CD38A3DC-AE1D-440F-A1DF-3F56F2C112B2} = {0F3A7E4B-4DAF-4201-9721-8651EA358315}
		{0F3A7E4B-4DAF-4201-9721-8651EA358315} = {516CBDC4-9D3D-484D-B502-DFDD8D6E262A}
		{1993174B-6F87-4410-A456-80938AF7249C} = {0B497FBF-235F-43E5-81A8-F1100AB0AAA5}
		{9FE93002-3883-4EFF-899D-1BE490AC9F10} = {0B497FBF-235F-43E5-81A8-F1100AB0AAA5}
	EndGlobalSection
	GlobalSection(ExtensibilityGlobals) = postSolution
		SolutionGuid = {189A71AE-347A-4505-BF66-B684A21B9A4B}
	EndGlobalSection
EndGlobal
